// !$*UTF8*$!
{
	archiveVersion = 1;
	classes = {
	};
	objectVersion = 55;
	objects = {

/* Begin PBXBuildFile section */
		8447A5F0283C845300B5FD9A /* AppDelegate.swift in Sources */ = {isa = PBXBuildFile; fileRef = 8447A5EF283C845300B5FD9A /* AppDelegate.swift */; };
		8447A5F9283C845500B5FD9A /* Assets.xcassets in Resources */ = {isa = PBXBuildFile; fileRef = 8447A5F8283C845500B5FD9A /* Assets.xcassets */; };
		8447A5FC283C845500B5FD9A /* LaunchScreen.storyboard in Resources */ = {isa = PBXBuildFile; fileRef = 8447A5FA283C845500B5FD9A /* LaunchScreen.storyboard */; };
		8447A604283C8A0200B5FD9A /* AppCoordinator.swift in Sources */ = {isa = PBXBuildFile; fileRef = 8447A603283C8A0200B5FD9A /* AppCoordinator.swift */; };
		8447A60A283C98C600B5FD9A /* EventListCoordinator.swift in Sources */ = {isa = PBXBuildFile; fileRef = 8447A609283C98C600B5FD9A /* EventListCoordinator.swift */; };
		8447A60C283C997B00B5FD9A /* EventListViewController.swift in Sources */ = {isa = PBXBuildFile; fileRef = 8447A60B283C997B00B5FD9A /* EventListViewController.swift */; };
		8447A610283CA08F00B5FD9A /* Coordinator.swift in Sources */ = {isa = PBXBuildFile; fileRef = 8447A60F283CA08F00B5FD9A /* Coordinator.swift */; };
		8447A614283CD69E00B5FD9A /* UIColor+Extensions.swift in Sources */ = {isa = PBXBuildFile; fileRef = 8447A613283CD69E00B5FD9A /* UIColor+Extensions.swift */; };
		8497BC5A283CDD6100F42350 /* EventsApp.xcdatamodeld in Sources */ = {isa = PBXBuildFile; fileRef = 8497BC58283CDD6100F42350 /* EventsApp.xcdatamodeld */; };
		8497BC5C283CDE9600F42350 /* CoreDataManager.swift in Sources */ = {isa = PBXBuildFile; fileRef = 8497BC5B283CDE9600F42350 /* CoreDataManager.swift */; };
		8497BC5E283CEF4800F42350 /* EventListViewModel.swift in Sources */ = {isa = PBXBuildFile; fileRef = 8497BC5D283CEF4800F42350 /* EventListViewModel.swift */; };
		8497BC60283CF11A00F42350 /* AddEventCoordinator.swift in Sources */ = {isa = PBXBuildFile; fileRef = 8497BC5F283CF11A00F42350 /* AddEventCoordinator.swift */; };
		8497BC6C283CF66600F42350 /* AddEventViewController.swift in Sources */ = {isa = PBXBuildFile; fileRef = 8497BC6B283CF66600F42350 /* AddEventViewController.swift */; };
		8497BC71283CF85400F42350 /* AddEventViewModel.swift in Sources */ = {isa = PBXBuildFile; fileRef = 8497BC70283CF85400F42350 /* AddEventViewModel.swift */; };
/* End PBXBuildFile section */

/* Begin PBXFileReference section */
		8447A5EC283C845300B5FD9A /* EventsApp.app */ = {isa = PBXFileReference; explicitFileType = wrapper.application; includeInIndex = 0; path = EventsApp.app; sourceTree = BUILT_PRODUCTS_DIR; };
		8447A5EF283C845300B5FD9A /* AppDelegate.swift */ = {isa = PBXFileReference; lastKnownFileType = sourcecode.swift; path = AppDelegate.swift; sourceTree = "<group>"; };
		8447A5F8283C845500B5FD9A /* Assets.xcassets */ = {isa = PBXFileReference; lastKnownFileType = folder.assetcatalog; path = Assets.xcassets; sourceTree = "<group>"; };
		8447A5FB283C845500B5FD9A /* Base */ = {isa = PBXFileReference; lastKnownFileType = file.storyboard; name = Base; path = Base.lproj/LaunchScreen.storyboard; sourceTree = "<group>"; };
		8447A5FD283C845500B5FD9A /* Info.plist */ = {isa = PBXFileReference; lastKnownFileType = text.plist.xml; path = Info.plist; sourceTree = "<group>"; };
		8447A603283C8A0200B5FD9A /* AppCoordinator.swift */ = {isa = PBXFileReference; lastKnownFileType = sourcecode.swift; path = AppCoordinator.swift; sourceTree = "<group>"; };
		8447A609283C98C600B5FD9A /* EventListCoordinator.swift */ = {isa = PBXFileReference; lastKnownFileType = sourcecode.swift; path = EventListCoordinator.swift; sourceTree = "<group>"; };
		8447A60B283C997B00B5FD9A /* EventListViewController.swift */ = {isa = PBXFileReference; lastKnownFileType = sourcecode.swift; path = EventListViewController.swift; sourceTree = "<group>"; };
		8447A60F283CA08F00B5FD9A /* Coordinator.swift */ = {isa = PBXFileReference; lastKnownFileType = sourcecode.swift; path = Coordinator.swift; sourceTree = "<group>"; };
		8447A613283CD69E00B5FD9A /* UIColor+Extensions.swift */ = {isa = PBXFileReference; lastKnownFileType = sourcecode.swift; path = "UIColor+Extensions.swift"; sourceTree = "<group>"; };
		8497BC59283CDD6100F42350 /* EventsApp.xcdatamodel */ = {isa = PBXFileReference; lastKnownFileType = wrapper.xcdatamodel; path = EventsApp.xcdatamodel; sourceTree = "<group>"; };
		8497BC5B283CDE9600F42350 /* CoreDataManager.swift */ = {isa = PBXFileReference; lastKnownFileType = sourcecode.swift; path = CoreDataManager.swift; sourceTree = "<group>"; };
		8497BC5D283CEF4800F42350 /* EventListViewModel.swift */ = {isa = PBXFileReference; lastKnownFileType = sourcecode.swift; path = EventListViewModel.swift; sourceTree = "<group>"; };
		8497BC5F283CF11A00F42350 /* AddEventCoordinator.swift */ = {isa = PBXFileReference; lastKnownFileType = sourcecode.swift; path = AddEventCoordinator.swift; sourceTree = "<group>"; };
		8497BC6B283CF66600F42350 /* AddEventViewController.swift */ = {isa = PBXFileReference; lastKnownFileType = sourcecode.swift; path = AddEventViewController.swift; sourceTree = "<group>"; };
		8497BC70283CF85400F42350 /* AddEventViewModel.swift */ = {isa = PBXFileReference; lastKnownFileType = sourcecode.swift; path = AddEventViewModel.swift; sourceTree = "<group>"; };
/* End PBXFileReference section */

/* Begin PBXFrameworksBuildPhase section */
		8447A5E9283C845300B5FD9A /* Frameworks */ = {
			isa = PBXFrameworksBuildPhase;
			buildActionMask = 2147483647;
			files = (
			);
			runOnlyForDeploymentPostprocessing = 0;
		};
/* End PBXFrameworksBuildPhase section */

/* Begin PBXGroup section */
		8447A5E3283C845300B5FD9A = {
			isa = PBXGroup;
			children = (
				8447A5EE283C845300B5FD9A /* EventsApp */,
				8447A5ED283C845300B5FD9A /* Products */,
			);
			sourceTree = "<group>";
		};
		8447A5ED283C845300B5FD9A /* Products */ = {
			isa = PBXGroup;
			children = (
				8447A5EC283C845300B5FD9A /* EventsApp.app */,
			);
			name = Products;
			sourceTree = "<group>";
		};
		8447A5EE283C845300B5FD9A /* EventsApp */ = {
			isa = PBXGroup;
			children = (
				8447A606283C8A3200B5FD9A /* Resources */,
				8447A605283C8A0F00B5FD9A /* Sources */,
			);
			path = EventsApp;
			sourceTree = "<group>";
		};
		8447A605283C8A0F00B5FD9A /* Sources */ = {
			isa = PBXGroup;
			children = (
				8497BC6D283CF75100F42350 /* CoreDataManager */,
				8447A612283CD68200B5FD9A /* Extensions */,
				8447A607283C8A3C00B5FD9A /* App */,
				8447A608283C8A4B00B5FD9A /* Coordinator */,
				8447A611283CAE9100B5FD9A /* Screens */,
				8497BC58283CDD6100F42350 /* EventsApp.xcdatamodeld */,
			);
			path = Sources;
			sourceTree = "<group>";
		};
		8447A606283C8A3200B5FD9A /* Resources */ = {
			isa = PBXGroup;
			children = (
				8447A60D283C9D4000B5FD9A /* Supporting Files */,
			);
			path = Resources;
			sourceTree = "<group>";
		};
		8447A607283C8A3C00B5FD9A /* App */ = {
			isa = PBXGroup;
			children = (
				8447A5EF283C845300B5FD9A /* AppDelegate.swift */,
			);
			path = App;
			sourceTree = "<group>";
		};
		8447A608283C8A4B00B5FD9A /* Coordinator */ = {
			isa = PBXGroup;
			children = (
				8447A60E283C9E1000B5FD9A /* Base */,
				8447A603283C8A0200B5FD9A /* AppCoordinator.swift */,
			);
			path = Coordinator;
			sourceTree = "<group>";
		};
		8447A60D283C9D4000B5FD9A /* Supporting Files */ = {
			isa = PBXGroup;
			children = (
				8447A5F8283C845500B5FD9A /* Assets.xcassets */,
				8447A5FA283C845500B5FD9A /* LaunchScreen.storyboard */,
				8447A5FD283C845500B5FD9A /* Info.plist */,
			);
			path = "Supporting Files";
			sourceTree = "<group>";
		};
		8447A60E283C9E1000B5FD9A /* Base */ = {
			isa = PBXGroup;
			children = (
				8447A60F283CA08F00B5FD9A /* Coordinator.swift */,
			);
			path = Base;
			sourceTree = "<group>";
		};
		8447A611283CAE9100B5FD9A /* Screens */ = {
			isa = PBXGroup;
			children = (
				8497BC61283CF59800F42350 /* EventList */,
				8497BC66283CF60500F42350 /* AddEvent */,
			);
			path = Screens;
			sourceTree = "<group>";
		};
		8447A612283CD68200B5FD9A /* Extensions */ = {
			isa = PBXGroup;
			children = (
				8447A613283CD69E00B5FD9A /* UIColor+Extensions.swift */,
			);
			path = Extensions;
			sourceTree = "<group>";
		};
		8497BC61283CF59800F42350 /* EventList */ = {
			isa = PBXGroup;
			children = (
				8497BC62283CF5B500F42350 /* Coordinator */,
				8497BC63283CF5D300F42350 /* Model */,
				8497BC65283CF5F000F42350 /* View */,
				8497BC64283CF5D800F42350 /* ViewModel */,
			);
			path = EventList;
			sourceTree = "<group>";
		};
		8497BC62283CF5B500F42350 /* Coordinator */ = {
			isa = PBXGroup;
			children = (
				8447A609283C98C600B5FD9A /* EventListCoordinator.swift */,
			);
			path = Coordinator;
			sourceTree = "<group>";
		};
		8497BC63283CF5D300F42350 /* Model */ = {
			isa = PBXGroup;
			children = (
			);
			path = Model;
			sourceTree = "<group>";
		};
		8497BC64283CF5D800F42350 /* ViewModel */ = {
			isa = PBXGroup;
			children = (
				8497BC5D283CEF4800F42350 /* EventListViewModel.swift */,
			);
			path = ViewModel;
			sourceTree = "<group>";
		};
		8497BC65283CF5F000F42350 /* View */ = {
			isa = PBXGroup;
			children = (
				8447A60B283C997B00B5FD9A /* EventListViewController.swift */,
			);
			path = View;
			sourceTree = "<group>";
		};
		8497BC66283CF60500F42350 /* AddEvent */ = {
			isa = PBXGroup;
			children = (
				8497BC67283CF61300F42350 /* Coordinator */,
				8497BC68283CF62200F42350 /* Model */,
				8497BC69283CF62900F42350 /* View */,
				8497BC6A283CF62E00F42350 /* ViewModel */,
			);
			path = AddEvent;
			sourceTree = "<group>";
		};
		8497BC67283CF61300F42350 /* Coordinator */ = {
			isa = PBXGroup;
			children = (
				8497BC5F283CF11A00F42350 /* AddEventCoordinator.swift */,
			);
			path = Coordinator;
			sourceTree = "<group>";
		};
		8497BC68283CF62200F42350 /* Model */ = {
			isa = PBXGroup;
			children = (
			);
			path = Model;
			sourceTree = "<group>";
		};
		8497BC69283CF62900F42350 /* View */ = {
			isa = PBXGroup;
			children = (
				8497BC6B283CF66600F42350 /* AddEventViewController.swift */,
			);
			path = View;
			sourceTree = "<group>";
		};
		8497BC6A283CF62E00F42350 /* ViewModel */ = {
			isa = PBXGroup;
			children = (
				8497BC70283CF85400F42350 /* AddEventViewModel.swift */,
			);
			path = ViewModel;
			sourceTree = "<group>";
		};
		8497BC6D283CF75100F42350 /* CoreDataManager */ = {
			isa = PBXGroup;
			children = (
				8497BC5B283CDE9600F42350 /* CoreDataManager.swift */,
			);
			path = CoreDataManager;
			sourceTree = "<group>";
		};
/* End PBXGroup section */

/* Begin PBXNativeTarget section */
		8447A5EB283C845300B5FD9A /* EventsApp */ = {
			isa = PBXNativeTarget;
			buildConfigurationList = 8447A600283C845500B5FD9A /* Build configuration list for PBXNativeTarget "EventsApp" */;
			buildPhases = (
				8447A5E8283C845300B5FD9A /* Sources */,
				8447A5E9283C845300B5FD9A /* Frameworks */,
				8447A5EA283C845300B5FD9A /* Resources */,
			);
			buildRules = (
			);
			dependencies = (
			);
			name = EventsApp;
			productName = EventsApp;
			productReference = 8447A5EC283C845300B5FD9A /* EventsApp.app */;
			productType = "com.apple.product-type.application";
		};
/* End PBXNativeTarget section */

/* Begin PBXProject section */
		8447A5E4283C845300B5FD9A /* Project object */ = {
			isa = PBXProject;
			attributes = {
				BuildIndependentTargetsInParallel = 1;
				LastSwiftUpdateCheck = 1320;
				LastUpgradeCheck = 1320;
				TargetAttributes = {
					8447A5EB283C845300B5FD9A = {
						CreatedOnToolsVersion = 13.2.1;
					};
				};
			};
			buildConfigurationList = 8447A5E7283C845300B5FD9A /* Build configuration list for PBXProject "EventsApp" */;
			compatibilityVersion = "Xcode 13.0";
			developmentRegion = en;
			hasScannedForEncodings = 0;
			knownRegions = (
				en,
				Base,
			);
			mainGroup = 8447A5E3283C845300B5FD9A;
			productRefGroup = 8447A5ED283C845300B5FD9A /* Products */;
			projectDirPath = "";
			projectRoot = "";
			targets = (
				8447A5EB283C845300B5FD9A /* EventsApp */,
			);
		};
/* End PBXProject section */

/* Begin PBXResourcesBuildPhase section */
		8447A5EA283C845300B5FD9A /* Resources */ = {
			isa = PBXResourcesBuildPhase;
			buildActionMask = 2147483647;
			files = (
				8447A5FC283C845500B5FD9A /* LaunchScreen.storyboard in Resources */,
				8447A5F9283C845500B5FD9A /* Assets.xcassets in Resources */,
			);
			runOnlyForDeploymentPostprocessing = 0;
		};
/* End PBXResourcesBuildPhase section */

/* Begin PBXSourcesBuildPhase section */
		8447A5E8283C845300B5FD9A /* Sources */ = {
			isa = PBXSourcesBuildPhase;
			buildActionMask = 2147483647;
			files = (
				8447A604283C8A0200B5FD9A /* AppCoordinator.swift in Sources */,
				8447A614283CD69E00B5FD9A /* UIColor+Extensions.swift in Sources */,
				8447A60C283C997B00B5FD9A /* EventListViewController.swift in Sources */,
				8447A610283CA08F00B5FD9A /* Coordinator.swift in Sources */,
				8447A5F0283C845300B5FD9A /* AppDelegate.swift in Sources */,
				8497BC71283CF85400F42350 /* AddEventViewModel.swift in Sources */,
				8497BC60283CF11A00F42350 /* AddEventCoordinator.swift in Sources */,
				8447A60A283C98C600B5FD9A /* EventListCoordinator.swift in Sources */,
				8497BC6C283CF66600F42350 /* AddEventViewController.swift in Sources */,
				8497BC5E283CEF4800F42350 /* EventListViewModel.swift in Sources */,
				8497BC5C283CDE9600F42350 /* CoreDataManager.swift in Sources */,
				8497BC5A283CDD6100F42350 /* EventsApp.xcdatamodeld in Sources */,
			);
			runOnlyForDeploymentPostprocessing = 0;
		};
/* End PBXSourcesBuildPhase section */

/* Begin PBXVariantGroup section */
		8447A5FA283C845500B5FD9A /* LaunchScreen.storyboard */ = {
			isa = PBXVariantGroup;
			children = (
				8447A5FB283C845500B5FD9A /* Base */,
			);
			name = LaunchScreen.storyboard;
			sourceTree = "<group>";
		};
/* End PBXVariantGroup section */

/* Begin XCBuildConfiguration section */
		8447A5FE283C845500B5FD9A /* Debug */ = {
			isa = XCBuildConfiguration;
			buildSettings = {
				ALWAYS_SEARCH_USER_PATHS = NO;
				CLANG_ANALYZER_NONNULL = YES;
				CLANG_ANALYZER_NUMBER_OBJECT_CONVERSION = YES_AGGRESSIVE;
				CLANG_CXX_LANGUAGE_STANDARD = "gnu++17";
				CLANG_CXX_LIBRARY = "libc++";
				CLANG_ENABLE_MODULES = YES;
				CLANG_ENABLE_OBJC_ARC = YES;
				CLANG_ENABLE_OBJC_WEAK = YES;
				CLANG_WARN_BLOCK_CAPTURE_AUTORELEASING = YES;
				CLANG_WARN_BOOL_CONVERSION = YES;
				CLANG_WARN_COMMA = YES;
				CLANG_WARN_CONSTANT_CONVERSION = YES;
				CLANG_WARN_DEPRECATED_OBJC_IMPLEMENTATIONS = YES;
				CLANG_WARN_DIRECT_OBJC_ISA_USAGE = YES_ERROR;
				CLANG_WARN_DOCUMENTATION_COMMENTS = YES;
				CLANG_WARN_EMPTY_BODY = YES;
				CLANG_WARN_ENUM_CONVERSION = YES;
				CLANG_WARN_INFINITE_RECURSION = YES;
				CLANG_WARN_INT_CONVERSION = YES;
				CLANG_WARN_NON_LITERAL_NULL_CONVERSION = YES;
				CLANG_WARN_OBJC_IMPLICIT_RETAIN_SELF = YES;
				CLANG_WARN_OBJC_LITERAL_CONVERSION = YES;
				CLANG_WARN_OBJC_ROOT_CLASS = YES_ERROR;
				CLANG_WARN_QUOTED_INCLUDE_IN_FRAMEWORK_HEADER = YES;
				CLANG_WARN_RANGE_LOOP_ANALYSIS = YES;
				CLANG_WARN_STRICT_PROTOTYPES = YES;
				CLANG_WARN_SUSPICIOUS_MOVE = YES;
				CLANG_WARN_UNGUARDED_AVAILABILITY = YES_AGGRESSIVE;
				CLANG_WARN_UNREACHABLE_CODE = YES;
				CLANG_WARN__DUPLICATE_METHOD_MATCH = YES;
				COPY_PHASE_STRIP = NO;
				DEBUG_INFORMATION_FORMAT = dwarf;
				ENABLE_STRICT_OBJC_MSGSEND = YES;
				ENABLE_TESTABILITY = YES;
				GCC_C_LANGUAGE_STANDARD = gnu11;
				GCC_DYNAMIC_NO_PIC = NO;
				GCC_NO_COMMON_BLOCKS = YES;
				GCC_OPTIMIZATION_LEVEL = 0;
				GCC_PREPROCESSOR_DEFINITIONS = (
					"DEBUG=1",
					"$(inherited)",
				);
				GCC_WARN_64_TO_32_BIT_CONVERSION = YES;
				GCC_WARN_ABOUT_RETURN_TYPE = YES_ERROR;
				GCC_WARN_UNDECLARED_SELECTOR = YES;
				GCC_WARN_UNINITIALIZED_AUTOS = YES_AGGRESSIVE;
				GCC_WARN_UNUSED_FUNCTION = YES;
				GCC_WARN_UNUSED_VARIABLE = YES;
				IPHONEOS_DEPLOYMENT_TARGET = 15.2;
				MTL_ENABLE_DEBUG_INFO = INCLUDE_SOURCE;
				MTL_FAST_MATH = YES;
				ONLY_ACTIVE_ARCH = YES;
				SDKROOT = iphoneos;
				SWIFT_ACTIVE_COMPILATION_CONDITIONS = DEBUG;
				SWIFT_OPTIMIZATION_LEVEL = "-Onone";
			};
			name = Debug;
		};
		8447A5FF283C845500B5FD9A /* Release */ = {
			isa = XCBuildConfiguration;
			buildSettings = {
				ALWAYS_SEARCH_USER_PATHS = NO;
				CLANG_ANALYZER_NONNULL = YES;
				CLANG_ANALYZER_NUMBER_OBJECT_CONVERSION = YES_AGGRESSIVE;
				CLANG_CXX_LANGUAGE_STANDARD = "gnu++17";
				CLANG_CXX_LIBRARY = "libc++";
				CLANG_ENABLE_MODULES = YES;
				CLANG_ENABLE_OBJC_ARC = YES;
				CLANG_ENABLE_OBJC_WEAK = YES;
				CLANG_WARN_BLOCK_CAPTURE_AUTORELEASING = YES;
				CLANG_WARN_BOOL_CONVERSION = YES;
				CLANG_WARN_COMMA = YES;
				CLANG_WARN_CONSTANT_CONVERSION = YES;
				CLANG_WARN_DEPRECATED_OBJC_IMPLEMENTATIONS = YES;
				CLANG_WARN_DIRECT_OBJC_ISA_USAGE = YES_ERROR;
				CLANG_WARN_DOCUMENTATION_COMMENTS = YES;
				CLANG_WARN_EMPTY_BODY = YES;
				CLANG_WARN_ENUM_CONVERSION = YES;
				CLANG_WARN_INFINITE_RECURSION = YES;
				CLANG_WARN_INT_CONVERSION = YES;
				CLANG_WARN_NON_LITERAL_NULL_CONVERSION = YES;
				CLANG_WARN_OBJC_IMPLICIT_RETAIN_SELF = YES;
				CLANG_WARN_OBJC_LITERAL_CONVERSION = YES;
				CLANG_WARN_OBJC_ROOT_CLASS = YES_ERROR;
				CLANG_WARN_QUOTED_INCLUDE_IN_FRAMEWORK_HEADER = YES;
				CLANG_WARN_RANGE_LOOP_ANALYSIS = YES;
				CLANG_WARN_STRICT_PROTOTYPES = YES;
				CLANG_WARN_SUSPICIOUS_MOVE = YES;
				CLANG_WARN_UNGUARDED_AVAILABILITY = YES_AGGRESSIVE;
				CLANG_WARN_UNREACHABLE_CODE = YES;
				CLANG_WARN__DUPLICATE_METHOD_MATCH = YES;
				COPY_PHASE_STRIP = NO;
				DEBUG_INFORMATION_FORMAT = "dwarf-with-dsym";
				ENABLE_NS_ASSERTIONS = NO;
				ENABLE_STRICT_OBJC_MSGSEND = YES;
				GCC_C_LANGUAGE_STANDARD = gnu11;
				GCC_NO_COMMON_BLOCKS = YES;
				GCC_WARN_64_TO_32_BIT_CONVERSION = YES;
				GCC_WARN_ABOUT_RETURN_TYPE = YES_ERROR;
				GCC_WARN_UNDECLARED_SELECTOR = YES;
				GCC_WARN_UNINITIALIZED_AUTOS = YES_AGGRESSIVE;
				GCC_WARN_UNUSED_FUNCTION = YES;
				GCC_WARN_UNUSED_VARIABLE = YES;
				IPHONEOS_DEPLOYMENT_TARGET = 15.2;
				MTL_ENABLE_DEBUG_INFO = NO;
				MTL_FAST_MATH = YES;
				SDKROOT = iphoneos;
				SWIFT_COMPILATION_MODE = wholemodule;
				SWIFT_OPTIMIZATION_LEVEL = "-O";
				VALIDATE_PRODUCT = YES;
			};
			name = Release;
		};
		8447A601283C845500B5FD9A /* Debug */ = {
			isa = XCBuildConfiguration;
			buildSettings = {
				ASSETCATALOG_COMPILER_APPICON_NAME = AppIcon;
				ASSETCATALOG_COMPILER_GLOBAL_ACCENT_COLOR_NAME = AccentColor;
				CODE_SIGN_STYLE = Automatic;
				CURRENT_PROJECT_VERSION = 1;
				DEVELOPMENT_TEAM = 3AP5HUCPUK;
				GENERATE_INFOPLIST_FILE = YES;
				INFOPLIST_FILE = "EventsApp/Resources/Supporting Files/Info.plist";
				INFOPLIST_KEY_UIApplicationSupportsIndirectInputEvents = YES;
				INFOPLIST_KEY_UILaunchStoryboardName = LaunchScreen;
				INFOPLIST_KEY_UISupportedInterfaceOrientations_iPad = "UIInterfaceOrientationPortrait UIInterfaceOrientationPortraitUpsideDown UIInterfaceOrientationLandscapeLeft UIInterfaceOrientationLandscapeRight";
				INFOPLIST_KEY_UISupportedInterfaceOrientations_iPhone = "UIInterfaceOrientationPortrait UIInterfaceOrientationLandscapeLeft UIInterfaceOrientationLandscapeRight";
				LD_RUNPATH_SEARCH_PATHS = (
					"$(inherited)",
					"@executable_path/Frameworks",
				);
				MARKETING_VERSION = 1.0;
				PRODUCT_BUNDLE_IDENTIFIER = com.EventsApp;
				PRODUCT_NAME = "$(TARGET_NAME)";
				SWIFT_EMIT_LOC_STRINGS = YES;
				SWIFT_VERSION = 5.0;
				TARGETED_DEVICE_FAMILY = "1,2";
			};
			name = Debug;
		};
		8447A602283C845500B5FD9A /* Release */ = {
			isa = XCBuildConfiguration;
			buildSettings = {
				ASSETCATALOG_COMPILER_APPICON_NAME = AppIcon;
				ASSETCATALOG_COMPILER_GLOBAL_ACCENT_COLOR_NAME = AccentColor;
				CODE_SIGN_STYLE = Automatic;
				CURRENT_PROJECT_VERSION = 1;
				DEVELOPMENT_TEAM = 3AP5HUCPUK;
				GENERATE_INFOPLIST_FILE = YES;
				INFOPLIST_FILE = "EventsApp/Resources/Supporting Files/Info.plist";
				INFOPLIST_KEY_UIApplicationSupportsIndirectInputEvents = YES;
				INFOPLIST_KEY_UILaunchStoryboardName = LaunchScreen;
				INFOPLIST_KEY_UISupportedInterfaceOrientations_iPad = "UIInterfaceOrientationPortrait UIInterfaceOrientationPortraitUpsideDown UIInterfaceOrientationLandscapeLeft UIInterfaceOrientationLandscapeRight";
				INFOPLIST_KEY_UISupportedInterfaceOrientations_iPhone = "UIInterfaceOrientationPortrait UIInterfaceOrientationLandscapeLeft UIInterfaceOrientationLandscapeRight";
				LD_RUNPATH_SEARCH_PATHS = (
					"$(inherited)",
					"@executable_path/Frameworks",
				);
				MARKETING_VERSION = 1.0;
				PRODUCT_BUNDLE_IDENTIFIER = com.EventsApp;
				PRODUCT_NAME = "$(TARGET_NAME)";
				SWIFT_EMIT_LOC_STRINGS = YES;
				SWIFT_VERSION = 5.0;
				TARGETED_DEVICE_FAMILY = "1,2";
			};
			name = Release;
		};
/* End XCBuildConfiguration section */

/* Begin XCConfigurationList section */
		8447A5E7283C845300B5FD9A /* Build configuration list for PBXProject "EventsApp" */ = {
			isa = XCConfigurationList;
			buildConfigurations = (
				8447A5FE283C845500B5FD9A /* Debug */,
				8447A5FF283C845500B5FD9A /* Release */,
			);
			defaultConfigurationIsVisible = 0;
			defaultConfigurationName = Release;
		};
		8447A600283C845500B5FD9A /* Build configuration list for PBXNativeTarget "EventsApp" */ = {
			isa = XCConfigurationList;
			buildConfigurations = (
				8447A601283C845500B5FD9A /* Debug */,
				8447A602283C845500B5FD9A /* Release */,
			);
			defaultConfigurationIsVisible = 0;
			defaultConfigurationName = Release;
		};
/* End XCConfigurationList section */

/* Begin XCVersionGroup section */
		8497BC58283CDD6100F42350 /* EventsApp.xcdatamodeld */ = {
			isa = XCVersionGroup;
			children = (
				8497BC59283CDD6100F42350 /* EventsApp.xcdatamodel */,
			);
			currentVersion = 8497BC59283CDD6100F42350 /* EventsApp.xcdatamodel */;
			path = EventsApp.xcdatamodeld;
			sourceTree = "<group>";
			versionGroupType = wrapper.xcdatamodel;
		};
/* End XCVersionGroup section */
	};
	rootObject = 8447A5E4283C845300B5FD9A /* Project object */;
}
